
Microsoft Visual Studio Solution File, Format Version 12.00
# Visual Studio Version 16
VisualStudioVersion = 16.0.30011.22
MinimumVisualStudioVersion = 10.0.40219.1
Project("{9A19103F-16F7-4668-BE54-9A1E7A4F7556}") = "Tardigrade.Framework.Tests", "Tardigrade.Framework.Tests\Tardigrade.Framework.Tests.csproj", "{C864E58E-51D0-4A35-BF78-7607C674C876}"
EndProject
Project("{9A19103F-16F7-4668-BE54-9A1E7A4F7556}") = "Tardigrade.Framework.AzureStorage.Tests", "Tardigrade.Framework.AzureStorage.Tests\Tardigrade.Framework.AzureStorage.Tests.csproj", "{DCE4A790-4FE0-432F-8896-EDAC605B64F1}"
EndProject
Project("{9A19103F-16F7-4668-BE54-9A1E7A4F7556}") = "Tardigrade.Framework.RestSharp.Tests", "Tardigrade.Framework.RestSharp.Tests\Tardigrade.Framework.RestSharp.Tests.csproj", "{570C73D2-1A71-4A8C-AE9D-6724FE5ED189}"
EndProject
Project("{9A19103F-16F7-4668-BE54-9A1E7A4F7556}") = "Tardigrade.Framework.ZXingNet.Tests", "Tardigrade.Framework.ZXingNet.Tests\Tardigrade.Framework.ZXingNet.Tests.csproj", "{258ED01D-C416-4304-AFBB-712D7B12CA4D}"
EndProject
Project("{9A19103F-16F7-4668-BE54-9A1E7A4F7556}") = "Tardigrade.Framework.AzureStorage", "..\Tardigrade.Framework\Tardigrade.Framework.AzureStorage\Tardigrade.Framework.AzureStorage.csproj", "{522E7A57-780B-40F7-A828-1ECBB74722B7}"
EndProject
Project("{9A19103F-16F7-4668-BE54-9A1E7A4F7556}") = "Tardigrade.Framework.RestSharp", "..\Tardigrade.Framework\Tardigrade.Framework.RestSharp\Tardigrade.Framework.RestSharp.csproj", "{8D35F671-12A3-416C-80A6-D8BC4E15B52A}"
EndProject
Project("{9A19103F-16F7-4668-BE54-9A1E7A4F7556}") = "Tardigrade.Framework.ZXingNet", "..\Tardigrade.Framework\Tardigrade.Framework.ZXingNet\Tardigrade.Framework.ZXingNet.csproj", "{A749CCBC-62AA-44A4-BD99-56C3668EAEC2}"
EndProject
Project("{9A19103F-16F7-4668-BE54-9A1E7A4F7556}") = "Tardigrade.Framework", "..\Tardigrade.Framework\Tardigrade.Framework\Tardigrade.Framework.csproj", "{39F3F47D-FE79-475A-8E87-C154ECB859E0}"
EndProject
Global
	GlobalSection(SolutionConfigurationPlatforms) = preSolution
		Debug|Any CPU = Debug|Any CPU
		Release|Any CPU = Release|Any CPU
	EndGlobalSection
	GlobalSection(ProjectConfigurationPlatforms) = postSolution
		{C864E58E-51D0-4A35-BF78-7607C674C876}.Debug|Any CPU.ActiveCfg = Debug|Any CPU
		{C864E58E-51D0-4A35-BF78-7607C674C876}.Debug|Any CPU.Build.0 = Debug|Any CPU
		{C864E58E-51D0-4A35-BF78-7607C674C876}.Release|Any CPU.ActiveCfg = Release|Any CPU
		{C864E58E-51D0-4A35-BF78-7607C674C876}.Release|Any CPU.Build.0 = Release|Any CPU
		{DCE4A790-4FE0-432F-8896-EDAC605B64F1}.Debug|Any CPU.ActiveCfg = Debug|Any CPU
		{DCE4A790-4FE0-432F-8896-EDAC605B64F1}.Debug|Any CPU.Build.0 = Debug|Any CPU
		{DCE4A790-4FE0-432F-8896-EDAC605B64F1}.Release|Any CPU.ActiveCfg = Release|Any CPU
		{DCE4A790-4FE0-432F-8896-EDAC605B64F1}.Release|Any CPU.Build.0 = Release|Any CPU
		{570C73D2-1A71-4A8C-AE9D-6724FE5ED189}.Debug|Any CPU.ActiveCfg = Debug|Any CPU
		{570C73D2-1A71-4A8C-AE9D-6724FE5ED189}.Debug|Any CPU.Build.0 = Debug|Any CPU
		{570C73D2-1A71-4A8C-AE9D-6724FE5ED189}.Release|Any CPU.ActiveCfg = Release|Any CPU
		{570C73D2-1A71-4A8C-AE9D-6724FE5ED189}.Release|Any CPU.Build.0 = Release|Any CPU
		{258ED01D-C416-4304-AFBB-712D7B12CA4D}.Debug|Any CPU.ActiveCfg = Debug|Any CPU
		{258ED01D-C416-4304-AFBB-712D7B12CA4D}.Debug|Any CPU.Build.0 = Debug|Any CPU
		{258ED01D-C416-4304-AFBB-712D7B12CA4D}.Release|Any CPU.ActiveCfg = Release|Any CPU
		{258ED01D-C416-4304-AFBB-712D7B12CA4D}.Release|Any CPU.Build.0 = Release|Any CPU
		{522E7A57-780B-40F7-A828-1ECBB74722B7}.Debug|Any CPU.ActiveCfg = Debug|Any CPU
		{522E7A57-780B-40F7-A828-1ECBB74722B7}.Debug|Any CPU.Build.0 = Debug|Any CPU
		{522E7A57-780B-40F7-A828-1ECBB74722B7}.Release|Any CPU.ActiveCfg = Release|Any CPU
		{522E7A57-780B-40F7-A828-1ECBB74722B7}.Release|Any CPU.Build.0 = Release|Any CPU
		{8D35F671-12A3-416C-80A6-D8BC4E15B52A}.Debug|Any CPU.ActiveCfg = Debug|Any CPU
		{8D35F671-12A3-416C-80A6-D8BC4E15B52A}.Debug|Any CPU.Build.0 = Debug|Any CPU
		{8D35F671-12A3-416C-80A6-D8BC4E15B52A}.Release|Any CPU.ActiveCfg = Release|Any CPU
		{8D35F671-12A3-416C-80A6-D8BC4E15B52A}.Release|Any CPU.Build.0 = Release|Any CPU
		{A749CCBC-62AA-44A4-BD99-56C3668EAEC2}.Debug|Any CPU.ActiveCfg = Debug|Any CPU
		{A749CCBC-62AA-44A4-BD99-56C3668EAEC2}.Debug|Any CPU.Build.0 = Debug|Any CPU
		{A749CCBC-62AA-44A4-BD99-56C3668EAEC2}.Release|Any CPU.ActiveCfg = Release|Any CPU
		{A749CCBC-62AA-44A4-BD99-56C3668EAEC2}.Release|Any CPU.Build.0 = Release|Any CPU
		{39F3F47D-FE79-475A-8E87-C154ECB859E0}.Debug|Any CPU.ActiveCfg = Debug|Any CPU
		{39F3F47D-FE79-475A-8E87-C154ECB859E0}.Debug|Any CPU.Build.0 = Debug|Any CPU
		{39F3F47D-FE79-475A-8E87-C154ECB859E0}.Release|Any CPU.ActiveCfg = Release|Any CPU
		{39F3F47D-FE79-475A-8E87-C154ECB859E0}.Release|Any CPU.Build.0 = Release|Any CPU
	EndGlobalSection
	GlobalSection(SolutionProperties) = preSolution
		HideSolutionNode = FALSE
	EndGlobalSection
	GlobalSection(ExtensibilityGlobals) = postSolution
		SolutionGuid = {D74880C8-4BB2-4EBA-9180-A55D658D2020}
	EndGlobalSection
EndGlobal
