
Microsoft Visual Studio Solution File, Format Version 12.00
# Visual Studio 15
VisualStudioVersion = 15.0.27703.2000
MinimumVisualStudioVersion = 10.0.40219.1
Project("{FAE04EC0-301F-11D3-BF4B-00C04F79EFBC}") = "Tardigrade.Framework", "Tardigrade.Framework\Tardigrade.Framework.csproj", "{6879932A-09D8-4F6F-99B3-52DF1349EE4C}"
EndProject
Project("{FAE04EC0-301F-11D3-BF4B-00C04F79EFBC}") = "Tardigrade.Framework.AzureStorage", "Tardigrade.Framework.AzureStorage\Tardigrade.Framework.AzureStorage.csproj", "{DBC7D72F-C15E-4C4A-885B-71586CE84706}"
EndProject
Project("{FAE04EC0-301F-11D3-BF4B-00C04F79EFBC}") = "Tardigrade.Framework.EntityFramework", "Tardigrade.Framework.EntityFramework\Tardigrade.Framework.EntityFramework.csproj", "{9DFF1CF7-6CBF-4E21-80B2-FC307D8F3A61}"
EndProject
Project("{FAE04EC0-301F-11D3-BF4B-00C04F79EFBC}") = "Tardigrade.Framework.RestSharp", "Tardigrade.Framework.RestSharp\Tardigrade.Framework.RestSharp.csproj", "{879CC6C7-B1AF-4FBD-86B2-817B11DF4A6A}"
EndProject
Global
	GlobalSection(SolutionConfigurationPlatforms) = preSolution
		Debug|Any CPU = Debug|Any CPU
		Release|Any CPU = Release|Any CPU
	EndGlobalSection
	GlobalSection(ProjectConfigurationPlatforms) = postSolution
		{6879932A-09D8-4F6F-99B3-52DF1349EE4C}.Debug|Any CPU.ActiveCfg = Debug|Any CPU
		{6879932A-09D8-4F6F-99B3-52DF1349EE4C}.Debug|Any CPU.Build.0 = Debug|Any CPU
		{6879932A-09D8-4F6F-99B3-52DF1349EE4C}.Release|Any CPU.ActiveCfg = Release|Any CPU
		{6879932A-09D8-4F6F-99B3-52DF1349EE4C}.Release|Any CPU.Build.0 = Release|Any CPU
		{DBC7D72F-C15E-4C4A-885B-71586CE84706}.Debug|Any CPU.ActiveCfg = Debug|Any CPU
		{DBC7D72F-C15E-4C4A-885B-71586CE84706}.Debug|Any CPU.Build.0 = Debug|Any CPU
		{DBC7D72F-C15E-4C4A-885B-71586CE84706}.Release|Any CPU.ActiveCfg = Release|Any CPU
		{DBC7D72F-C15E-4C4A-885B-71586CE84706}.Release|Any CPU.Build.0 = Release|Any CPU
		{9DFF1CF7-6CBF-4E21-80B2-FC307D8F3A61}.Debug|Any CPU.ActiveCfg = Debug|Any CPU
		{9DFF1CF7-6CBF-4E21-80B2-FC307D8F3A61}.Debug|Any CPU.Build.0 = Debug|Any CPU
		{9DFF1CF7-6CBF-4E21-80B2-FC307D8F3A61}.Release|Any CPU.ActiveCfg = Release|Any CPU
		{9DFF1CF7-6CBF-4E21-80B2-FC307D8F3A61}.Release|Any CPU.Build.0 = Release|Any CPU
		{879CC6C7-B1AF-4FBD-86B2-817B11DF4A6A}.Debug|Any CPU.ActiveCfg = Debug|Any CPU
		{879CC6C7-B1AF-4FBD-86B2-817B11DF4A6A}.Debug|Any CPU.Build.0 = Debug|Any CPU
		{879CC6C7-B1AF-4FBD-86B2-817B11DF4A6A}.Release|Any CPU.ActiveCfg = Release|Any CPU
		{879CC6C7-B1AF-4FBD-86B2-817B11DF4A6A}.Release|Any CPU.Build.0 = Release|Any CPU
	EndGlobalSection
	GlobalSection(SolutionProperties) = preSolution
		HideSolutionNode = FALSE
	EndGlobalSection
	GlobalSection(ExtensibilityGlobals) = postSolution
		SolutionGuid = {D1047898-A8D5-4249-8C06-5B9866011C82}
	EndGlobalSection
EndGlobal
